
Microsoft Visual Studio Solution File, Format Version 12.00
# Visual Studio Version 17
VisualStudioVersion = 17.12.35707.178
MinimumVisualStudioVersion = 10.0.40219.1
Project("{2150E333-8FDC-42A3-9474-1A3956D46DE8}") = "src", "src", "{A1707FFC-A0E2-4EAB-9853-F5417BDE845E}"
EndProject
Project("{2150E333-8FDC-42A3-9474-1A3956D46DE8}") = "tests", "tests", "{446945EA-2BDD-44FB-BF55-0068A4D0B349}"
EndProject
Project("{FAE04EC0-301F-11D3-BF4B-00C04F79EFBC}") = "K.EntityFrameworkCore", "src\K.EntityFrameworkCore\K.EntityFrameworkCore.csproj", "{2AA6BCC6-13B4-4720-9542-C21DF216BBCD}"
EndProject
Project("{FAE04EC0-301F-11D3-BF4B-00C04F79EFBC}") = "K.EntityFrameworkCore.CodeGen", "src\K.EntityFrameworkCore.CodeGen\K.EntityFrameworkCore.CodeGen.csproj", "{A5CAB5D1-8754-4D33-BE27-D2547BC22902}"
EndProject
Project("{FAE04EC0-301F-11D3-BF4B-00C04F79EFBC}") = "K.EntityFrameworkCore.UnitTests", "tests\K.EntityFrameworkCore.UnitTests\K.EntityFrameworkCore.UnitTests.csproj", "{B1234567-1234-1234-1234-123456789012}"
EndProject
Project("{FAE04EC0-301F-11D3-BF4B-00C04F79EFBC}") = "K.EntityFrameworkCore.IntegrationTests", "tests\K.EntityFrameworkCore.IntegrationTests\K.EntityFrameworkCore.IntegrationTests.csproj", "{C1234567-1234-1234-1234-123456789012}"
EndProject
Project("{2150E333-8FDC-42A3-9474-1A3956D46DE8}") = "samples", "samples", "{795B1636-AA48-432A-AC3A-880CD5DBA288}"
EndProject
Project("{2150E333-8FDC-42A3-9474-1A3956D46DE8}") = "Solution Items", "Solution Items", "{7E85543F-BBD9-400E-BD6D-2D8CBB14265C}"
	ProjectSection(SolutionItems) = preProject
		.editorconfig = .editorconfig
		README.md = README.md
	EndProjectSection
EndProject
Project("{2150E333-8FDC-42A3-9474-1A3956D46DE8}") = "HelloWorld", "HelloWorld", "{3C01AD1B-CCBC-47B1-95E3-6001D1ECCB6A}"
EndProject
Project("{FAE04EC0-301F-11D3-BF4B-00C04F79EFBC}") = "HelloWorld", "samples\HelloWorld\HelloWorld\HelloWorld.csproj", "{0AAD918F-91B8-43DF-9DBA-79E5B6E4ACCA}"
EndProject
Project("{2150E333-8FDC-42A3-9474-1A3956D46DE8}") = "AspireOutboxCdc.DebeziumSample", "AspireOutboxCdc.DebeziumSample", "{7C670D89-E47A-4140-8948-624CE2C9970A}"
EndProject
Project("{FAE04EC0-301F-11D3-BF4B-00C04F79EFBC}") = "ApiWeb", "samples\AspireOutboxCdc.DebeziumSample\ApiWeb\ApiWeb.csproj", "{4882E74E-B160-485C-BB52-AEB18F13768F}"
EndProject
Project("{FAE04EC0-301F-11D3-BF4B-00C04F79EFBC}") = "Aspire.AppHost", "samples\AspireOutboxCdc.DebeziumSample\Aspire.AppHost\Aspire.AppHost.csproj", "{AEDF69DD-38F3-4D0A-AF4E-EE7AB90E6C01}"
EndProject
Global
	GlobalSection(SolutionConfigurationPlatforms) = preSolution
		Debug|Any CPU = Debug|Any CPU
		Release|Any CPU = Release|Any CPU
	EndGlobalSection
	GlobalSection(ProjectConfigurationPlatforms) = postSolution
		{2AA6BCC6-13B4-4720-9542-C21DF216BBCD}.Debug|Any CPU.ActiveCfg = Debug|Any CPU
		{2AA6BCC6-13B4-4720-9542-C21DF216BBCD}.Debug|Any CPU.Build.0 = Debug|Any CPU
		{2AA6BCC6-13B4-4720-9542-C21DF216BBCD}.Release|Any CPU.ActiveCfg = Release|Any CPU
		{2AA6BCC6-13B4-4720-9542-C21DF216BBCD}.Release|Any CPU.Build.0 = Release|Any CPU
		{A5CAB5D1-8754-4D33-BE27-D2547BC22902}.Debug|Any CPU.ActiveCfg = Debug|Any CPU
		{A5CAB5D1-8754-4D33-BE27-D2547BC22902}.Debug|Any CPU.Build.0 = Debug|Any CPU
		{A5CAB5D1-8754-4D33-BE27-D2547BC22902}.Release|Any CPU.ActiveCfg = Release|Any CPU
		{A5CAB5D1-8754-4D33-BE27-D2547BC22902}.Release|Any CPU.Build.0 = Release|Any CPU
		{B1234567-1234-1234-1234-123456789012}.Debug|Any CPU.ActiveCfg = Debug|Any CPU
		{B1234567-1234-1234-1234-123456789012}.Debug|Any CPU.Build.0 = Debug|Any CPU
		{B1234567-1234-1234-1234-123456789012}.Release|Any CPU.ActiveCfg = Release|Any CPU
		{B1234567-1234-1234-1234-123456789012}.Release|Any CPU.Build.0 = Release|Any CPU
		{C1234567-1234-1234-1234-123456789012}.Debug|Any CPU.ActiveCfg = Debug|Any CPU
		{C1234567-1234-1234-1234-123456789012}.Debug|Any CPU.Build.0 = Debug|Any CPU
		{C1234567-1234-1234-1234-123456789012}.Release|Any CPU.ActiveCfg = Release|Any CPU
		{C1234567-1234-1234-1234-123456789012}.Release|Any CPU.Build.0 = Release|Any CPU
		{0AAD918F-91B8-43DF-9DBA-79E5B6E4ACCA}.Debug|Any CPU.ActiveCfg = Debug|Any CPU
		{0AAD918F-91B8-43DF-9DBA-79E5B6E4ACCA}.Debug|Any CPU.Build.0 = Debug|Any CPU
		{0AAD918F-91B8-43DF-9DBA-79E5B6E4ACCA}.Release|Any CPU.ActiveCfg = Release|Any CPU
		{0AAD918F-91B8-43DF-9DBA-79E5B6E4ACCA}.Release|Any CPU.Build.0 = Release|Any CPU
		{4882E74E-B160-485C-BB52-AEB18F13768F}.Debug|Any CPU.ActiveCfg = Debug|Any CPU
		{4882E74E-B160-485C-BB52-AEB18F13768F}.Debug|Any CPU.Build.0 = Debug|Any CPU
		{4882E74E-B160-485C-BB52-AEB18F13768F}.Release|Any CPU.ActiveCfg = Release|Any CPU
		{4882E74E-B160-485C-BB52-AEB18F13768F}.Release|Any CPU.Build.0 = Release|Any CPU
		{AEDF69DD-38F3-4D0A-AF4E-EE7AB90E6C01}.Debug|Any CPU.ActiveCfg = Debug|Any CPU
		{AEDF69DD-38F3-4D0A-AF4E-EE7AB90E6C01}.Debug|Any CPU.Build.0 = Debug|Any CPU
		{AEDF69DD-38F3-4D0A-AF4E-EE7AB90E6C01}.Release|Any CPU.ActiveCfg = Release|Any CPU
		{AEDF69DD-38F3-4D0A-AF4E-EE7AB90E6C01}.Release|Any CPU.Build.0 = Release|Any CPU
	EndGlobalSection
	GlobalSection(SolutionProperties) = preSolution
		HideSolutionNode = FALSE
	EndGlobalSection
	GlobalSection(NestedProjects) = preSolution
		{2AA6BCC6-13B4-4720-9542-C21DF216BBCD} = {A1707FFC-A0E2-4EAB-9853-F5417BDE845E}
		{A5CAB5D1-8754-4D33-BE27-D2547BC22902} = {A1707FFC-A0E2-4EAB-9853-F5417BDE845E}
		{B1234567-1234-1234-1234-123456789012} = {446945EA-2BDD-44FB-BF55-0068A4D0B349}
		{C1234567-1234-1234-1234-123456789012} = {446945EA-2BDD-44FB-BF55-0068A4D0B349}
		{3C01AD1B-CCBC-47B1-95E3-6001D1ECCB6A} = {795B1636-AA48-432A-AC3A-880CD5DBA288}
		{0AAD918F-91B8-43DF-9DBA-79E5B6E4ACCA} = {3C01AD1B-CCBC-47B1-95E3-6001D1ECCB6A}
		{7C670D89-E47A-4140-8948-624CE2C9970A} = {795B1636-AA48-432A-AC3A-880CD5DBA288}
		{4882E74E-B160-485C-BB52-AEB18F13768F} = {7C670D89-E47A-4140-8948-624CE2C9970A}
		{AEDF69DD-38F3-4D0A-AF4E-EE7AB90E6C01} = {7C670D89-E47A-4140-8948-624CE2C9970A}
	EndGlobalSection
EndGlobal
